{
  "name": "koinly-csv",
  "version": "1.0.0",
  "lockfileVersion": 1,
  "requires": true,
  "dependencies": {
    "csv-parser": {
      "version": "3.0.0",
      "resolved": "https://registry.npmjs.org/csv-parser/-/csv-parser-3.0.0.tgz",
      "integrity": "sha512-s6OYSXAK3IdKqYO33y09jhypG/bSDHPuyCme/IdEHfWpLf/jKcpitVFyOC6UemgGk8v7Q5u2XE0vvwmanxhGlQ==",
      "requires": {
        "minimist": "^1.2.0"
      }
    },
    "first-chunk-stream": {
      "version": "5.0.0",
      "resolved": "https://registry.npmjs.org/first-chunk-stream/-/first-chunk-stream-5.0.0.tgz",
      "integrity": "sha512-WdHo4ejd2cG2Dl+sLkW79SctU7mUQDfr4s1i26ffOZRs5mgv+BRttIM9gwcq0rDbemo0KlpVPaa3LBVLqPXzcQ=="
    },
    "is-utf8": {
      "version": "0.2.1",
      "resolved": "https://registry.npmjs.org/is-utf8/-/is-utf8-0.2.1.tgz",
      "integrity": "sha1-Sw2hRCEE0bM2NA6AeX6GXPOffXI="
    },
    "minimist": {
      "version": "1.2.5",
      "resolved": "https://registry.npmjs.org/minimist/-/minimist-1.2.5.tgz",
      "integrity": "sha512-FM9nNUYrRBAELZQT3xeZQ7fmMOBg6nWNmJKTcgsJeaLstP/UODVpGsr5OhXhhXg6f+qtJ8uiZ+PUxkDWcgIXLw=="
    },
    "strip-bom-buf": {
      "version": "3.0.1",
      "resolved": "https://registry.npmjs.org/strip-bom-buf/-/strip-bom-buf-3.0.1.tgz",
      "integrity": "sha512-iJaWw2WroigLHzQysdc5WWeUc99p7ea7AEgB6JkY8CMyiO1yTVAA1gIlJJgORElUIR+lcZJkNl1OGChMhvc2Cw==",
      "requires": {
        "is-utf8": "^0.2.1"
      }
    },
    "strip-bom-stream": {
      "version": "5.0.0",
      "resolved": "https://registry.npmjs.org/strip-bom-stream/-/strip-bom-stream-5.0.0.tgz",
      "integrity": "sha512-Yo472mU+3smhzqeKlIxClre4s4pwtYZEvDNQvY/sJpnChdaxmKuwU28UVx/v1ORKNMxkmj1GBuvxJQyBk6wYMQ==",
      "requires": {
        "first-chunk-stream": "^5.0.0",
        "strip-bom-buf": "^3.0.0"
      }
    }
  }
}
